<Solution>
  <Folder Name="/tests/" />
  <Folder Name="/tests/integration/">
    <Project Path="tests/integration/MediBridge.E2ETestRunner/MediBridge.E2ETestRunner.csproj" />
  </Folder>
  <Folder Name="/tests/unit/">
    <Project Path="tests/unit/MediBridge.UnitTests/MediBridge.UnitTests.csproj" />
  </Folder>
  <Project Path="MediBridge.APIs/MediBridge.APIs.csproj" />
  <Project Path="MediBridge.Core/MediBridge.Core.csproj" />
  <Project Path="MediBridge.Repository/MediBridge.Repository.csproj" />
  <Project Path="MediBridge.Services/MediBridge.Services.csproj" />
  <Project Path="tests/contract/MediBridge.ContractTests/MediBridge.ContractTests.csproj" />
  <Project Path="tests/integration/MediBridge.IntegrationTests/MediBridge.IntegrationTests.csproj" />
</Solution>
